{
  "nodes": {
    "base16": {
      "inputs": {
        "fromYaml": "fromYaml"
      },
      "locked": {
        "lastModified": 1689550125,
        "narHash": "sha256-fNW7E8UEhLF2Y4h1AaetiWcEDNcmWqKRGCWyqnc9k5U=",
        "owner": "SenchoPens",
        "repo": "base16.nix",
        "rev": "6d8769177a34111be72bd4a9a61546f372237906",
        "type": "github"
      },
      "original": {
        "owner": "SenchoPens",
        "repo": "base16.nix",
        "type": "github"
      }
    },
    "base16-schemes": {
      "flake": false,
      "locked": {
        "lastModified": 1689473676,
        "narHash": "sha256-L0RhUr9+W5EPWBpLcmkKpUeCEWRs/kLzVMF3Vao2ZU0=",
        "owner": "tinted-theming",
        "repo": "base16-schemes",
        "rev": "d95123ca6377cd849cfdce92c0a24406b0c6a789",
        "type": "github"
      },
      "original": {
        "owner": "tinted-theming",
        "repo": "base16-schemes",
        "type": "github"
      }
    },
    "base16-vim": {
      "flake": false,
      "locked": {
        "lastModified": 1689474432,
        "narHash": "sha256-cOMt/ML80UZH/1K4qasIQmgeloi5QO78yxnyQ2nlZsc=",
        "owner": "tinted-theming",
        "repo": "base16-vim",
        "rev": "52e627d25c12fe621c661c2e030c1421ab42f1b0",
        "type": "github"
      },
      "original": {
        "owner": "tinted-theming",
        "repo": "base16-vim",
        "type": "github"
      }
    },
    "beautysh": {
      "inputs": {
        "nixpkgs": [
          "nixvim",
          "nixpkgs"
        ],
        "poetry2nix": "poetry2nix",
        "utils": "utils"
      },
      "locked": {
        "lastModified": 1680308980,
        "narHash": "sha256-aUEHV0jk2qIFP3jlsWYWhBbm+w/N9gzH3e4I5DcdB5s=",
        "owner": "lovesegfault",
        "repo": "beautysh",
        "rev": "9845efc3ea3e86cc0d41465d720a47f521b2799c",
        "type": "github"
      },
      "original": {
        "owner": "lovesegfault",
        "repo": "beautysh",
        "type": "github"
      }
    },
    "blank": {
      "locked": {
        "lastModified": 1625557891,
        "narHash": "sha256-O8/MWsPBGhhyPoPLHZAuoZiiHo9q6FLlEeIDEXuj6T4=",
        "owner": "divnix",
        "repo": "blank",
        "rev": "5a5d2684073d9f563072ed07c871d577a6c614a8",
        "type": "github"
      },
      "original": {
        "owner": "divnix",
        "repo": "blank",
        "type": "github"
      }
    },
    "call-flake": {
      "locked": {
        "lastModified": 1687380775,
        "narHash": "sha256-bmhE1TmrJG4ba93l9WQTLuYM53kwGQAjYHRvHOeuxWU=",
        "owner": "divnix",
        "repo": "call-flake",
        "rev": "74061f6c241227cd05e79b702db9a300a2e4131a",
        "type": "github"
      },
      "original": {
        "owner": "divnix",
        "repo": "call-flake",
        "type": "github"
      }
    },
    "colmena": {
      "locked": {
        "lastModified": 1625557891,
        "narHash": "sha256-O8/MWsPBGhhyPoPLHZAuoZiiHo9q6FLlEeIDEXuj6T4=",
        "owner": "divnix",
        "repo": "blank",
        "rev": "5a5d2684073d9f563072ed07c871d577a6c614a8",
        "type": "github"
      },
      "original": {
        "owner": "divnix",
        "repo": "blank",
        "type": "github"
      }
    },
    "devshell": {
      "inputs": {
        "nixpkgs": "nixpkgs",
        "systems": "systems"
      },
      "locked": {
        "lastModified": 1688380630,
        "narHash": "sha256-8ilApWVb1mAi4439zS3iFeIT0ODlbrifm/fegWwgHjA=",
        "owner": "numtide",
        "repo": "devshell",
        "rev": "f9238ec3d75cefbb2b42a44948c4e8fb1ae9a205",
        "type": "github"
      },
      "original": {
        "owner": "numtide",
        "repo": "devshell",
        "type": "github"
      }
    },
    "disko": {
      "locked": {
        "lastModified": 1625557891,
        "narHash": "sha256-O8/MWsPBGhhyPoPLHZAuoZiiHo9q6FLlEeIDEXuj6T4=",
        "owner": "divnix",
        "repo": "blank",
        "rev": "5a5d2684073d9f563072ed07c871d577a6c614a8",
        "type": "github"
      },
      "original": {
        "owner": "divnix",
        "repo": "blank",
        "type": "github"
      }
    },
    "dmerge": {
      "inputs": {
        "haumea": [
          "std",
          "haumea"
        ],
        "nixlib": [
          "std",
          "haumea",
          "nixpkgs"
        ],
        "yants": [
          "std",
          "yants"
        ]
      },
      "locked": {
        "lastModified": 1686862774,
        "narHash": "sha256-ojGtRQ9pIOUrxsQEuEPerUkqIJEuod9hIflfNkY+9CE=",
        "owner": "divnix",
        "repo": "dmerge",
        "rev": "9f7f7a8349d33d7bd02e0f2b484b1f076e503a96",
        "type": "github"
      },
      "original": {
        "owner": "divnix",
        "ref": "0.2.1",
        "repo": "dmerge",
        "type": "github"
      }
    },
    "flake-compat": {
      "flake": false,
      "locked": {
        "lastModified": 1673956053,
        "narHash": "sha256-4gtG9iQuiKITOjNQQeQIpoIB6b16fm+504Ch3sNKLd8=",
        "owner": "edolstra",
        "repo": "flake-compat",
        "rev": "35bb57c0c8d8b62bbfd284272c928ceb64ddbde9",
        "type": "github"
      },
      "original": {
        "owner": "edolstra",
        "repo": "flake-compat",
        "type": "github"
      }
    },
    "flake-compat_2": {
      "flake": false,
      "locked": {
        "lastModified": 1673956053,
        "narHash": "sha256-4gtG9iQuiKITOjNQQeQIpoIB6b16fm+504Ch3sNKLd8=",
        "owner": "edolstra",
        "repo": "flake-compat",
        "rev": "35bb57c0c8d8b62bbfd284272c928ceb64ddbde9",
        "type": "github"
      },
      "original": {
        "owner": "edolstra",
        "repo": "flake-compat",
        "type": "github"
      }
    },
    "flake-parts": {
      "inputs": {
        "nixpkgs-lib": [
          "lanzaboote",
          "nixpkgs"
        ]
      },
      "locked": {
        "lastModified": 1683560683,
        "narHash": "sha256-XAygPMN5Xnk/W2c1aW0jyEa6lfMDZWlQgiNtmHXytPc=",
        "owner": "hercules-ci",
        "repo": "flake-parts",
        "rev": "006c75898cf814ef9497252b022e91c946ba8e17",
        "type": "github"
      },
      "original": {
        "owner": "hercules-ci",
        "repo": "flake-parts",
        "type": "github"
      }
    },
    "flake-utils": {
      "inputs": {
        "systems": "systems_2"
      },
      "locked": {
        "lastModified": 1689068808,
        "narHash": "sha256-6ixXo3wt24N/melDWjq70UuHQLxGV8jZvooRanIHXw0=",
        "owner": "numtide",
        "repo": "flake-utils",
        "rev": "919d646de7be200f3bf08cb76ae1f09402b6f9b4",
        "type": "github"
      },
      "original": {
        "owner": "numtide",
        "repo": "flake-utils",
        "type": "github"
      }
    },
    "flake-utils_2": {
      "inputs": {
        "systems": "systems_3"
      },
      "locked": {
        "lastModified": 1681202837,
        "narHash": "sha256-H+Rh19JDwRtpVPAWp64F+rlEtxUWBAQW28eAi3SRSzg=",
        "owner": "numtide",
        "repo": "flake-utils",
        "rev": "cfacdce06f30d2b68473a46042957675eebb3401",
        "type": "github"
      },
      "original": {
        "owner": "numtide",
        "repo": "flake-utils",
        "type": "github"
      }
    },
    "flake-utils_3": {
      "locked": {
        "lastModified": 1653893745,
        "narHash": "sha256-0jntwV3Z8//YwuOjzhV2sgJJPt+HY6KhU7VZUL0fKZQ=",
        "owner": "numtide",
        "repo": "flake-utils",
        "rev": "1ed9fb1935d260de5fe1c2f7ee0ebaae17ed2fa1",
        "type": "github"
      },
      "original": {
        "owner": "numtide",
        "repo": "flake-utils",
        "type": "github"
      }
    },
    "flake-utils_4": {
      "locked": {
        "lastModified": 1653893745,
        "narHash": "sha256-0jntwV3Z8//YwuOjzhV2sgJJPt+HY6KhU7VZUL0fKZQ=",
        "owner": "numtide",
        "repo": "flake-utils",
        "rev": "1ed9fb1935d260de5fe1c2f7ee0ebaae17ed2fa1",
        "type": "github"
      },
      "original": {
        "owner": "numtide",
        "repo": "flake-utils",
        "type": "github"
      }
    },
    "flake-utils_5": {
      "locked": {
        "lastModified": 1653893745,
        "narHash": "sha256-0jntwV3Z8//YwuOjzhV2sgJJPt+HY6KhU7VZUL0fKZQ=",
        "owner": "numtide",
        "repo": "flake-utils",
        "rev": "1ed9fb1935d260de5fe1c2f7ee0ebaae17ed2fa1",
        "type": "github"
      },
      "original": {
        "owner": "numtide",
        "repo": "flake-utils",
        "type": "github"
      }
    },
    "flake-utils_6": {
      "locked": {
        "lastModified": 1653893745,
        "narHash": "sha256-0jntwV3Z8//YwuOjzhV2sgJJPt+HY6KhU7VZUL0fKZQ=",
        "owner": "numtide",
        "repo": "flake-utils",
        "rev": "1ed9fb1935d260de5fe1c2f7ee0ebaae17ed2fa1",
        "type": "github"
      },
      "original": {
        "owner": "numtide",
        "repo": "flake-utils",
        "type": "github"
      }
    },
    "flake-utils_7": {
      "locked": {
        "lastModified": 1653893745,
        "narHash": "sha256-0jntwV3Z8//YwuOjzhV2sgJJPt+HY6KhU7VZUL0fKZQ=",
        "owner": "numtide",
        "repo": "flake-utils",
        "rev": "1ed9fb1935d260de5fe1c2f7ee0ebaae17ed2fa1",
        "type": "github"
      },
      "original": {
        "owner": "numtide",
        "repo": "flake-utils",
        "type": "github"
      }
    },
    "flake-utils_8": {
      "inputs": {
        "systems": "systems_4"
      },
      "locked": {
        "lastModified": 1689068808,
        "narHash": "sha256-6ixXo3wt24N/melDWjq70UuHQLxGV8jZvooRanIHXw0=",
        "owner": "numtide",
        "repo": "flake-utils",
        "rev": "919d646de7be200f3bf08cb76ae1f09402b6f9b4",
        "type": "github"
      },
      "original": {
        "owner": "numtide",
        "repo": "flake-utils",
        "type": "github"
      }
    },
    "flake-utils_9": {
      "inputs": {
        "systems": "systems_5"
      },
      "locked": {
        "lastModified": 1685518550,
        "narHash": "sha256-o2d0KcvaXzTrPRIo0kOLV0/QXHhDQ5DTi+OxcjO8xqY=",
        "owner": "numtide",
        "repo": "flake-utils",
        "rev": "a1720a10a6cfe8234c0e93907ffe81be440f4cef",
        "type": "github"
      },
      "original": {
        "owner": "numtide",
        "repo": "flake-utils",
        "type": "github"
      }
    },
    "fromYaml": {
      "flake": false,
      "locked": {
        "lastModified": 1689549921,
        "narHash": "sha256-iX0pk/uB019TdBGlaJEWvBCfydT6sRq+eDcGPifVsCM=",
        "owner": "SenchoPens",
        "repo": "fromYaml",
        "rev": "11fbbbfb32e3289d3c631e0134a23854e7865c84",
        "type": "github"
      },
      "original": {
        "owner": "SenchoPens",
        "repo": "fromYaml",
        "type": "github"
      }
    },
    "gitignore": {
      "inputs": {
        "nixpkgs": [
          "lanzaboote",
          "pre-commit-hooks-nix",
          "nixpkgs"
        ]
      },
      "locked": {
        "lastModified": 1660459072,
        "narHash": "sha256-8DFJjXG8zqoONA1vXtgeKXy68KdJL5UaXR8NtVMUbx8=",
        "owner": "hercules-ci",
        "repo": "gitignore.nix",
        "rev": "a20de23b925fd8264fd7fad6454652e142fd7f73",
        "type": "github"
      },
      "original": {
        "owner": "hercules-ci",
        "repo": "gitignore.nix",
        "type": "github"
      }
    },
    "gitignore_2": {
      "inputs": {
        "nixpkgs": [
          "nixvim",
          "pre-commit-hooks",
          "nixpkgs"
        ]
      },
      "locked": {
        "lastModified": 1660459072,
        "narHash": "sha256-8DFJjXG8zqoONA1vXtgeKXy68KdJL5UaXR8NtVMUbx8=",
        "owner": "hercules-ci",
        "repo": "gitignore.nix",
        "rev": "a20de23b925fd8264fd7fad6454652e142fd7f73",
        "type": "github"
      },
      "original": {
        "owner": "hercules-ci",
        "repo": "gitignore.nix",
        "type": "github"
      }
    },
    "haumea": {
      "inputs": {
        "nixpkgs": "nixpkgs_2"
      },
      "locked": {
        "lastModified": 1689557889,
        "narHash": "sha256-kllmt6JnHlry+WAASdSMDaRwbiuk2dFhkbW3Qz1w8BU=",
        "owner": "nix-community",
        "repo": "haumea",
        "rev": "d6a9593ff2160ce29bf6d905e9ccbcecd66baeef",
        "type": "github"
      },
      "original": {
        "owner": "nix-community",
        "repo": "haumea",
        "type": "github"
      }
    },
    "haumea_2": {
      "inputs": {
        "nixpkgs": "nixpkgs_5"
      },
      "locked": {
        "lastModified": 1685133229,
        "narHash": "sha256-FePm/Gi9PBSNwiDFq3N+DWdfxFq0UKsVVTJS3cQPn94=",
        "owner": "nix-community",
        "repo": "haumea",
        "rev": "34dd58385092a23018748b50f9b23de6266dffc2",
        "type": "github"
      },
      "original": {
        "owner": "nix-community",
        "ref": "v0.2.2",
        "repo": "haumea",
        "type": "github"
      }
    },
    "hive": {
      "inputs": {
        "colmena": "colmena",
        "disko": "disko",
        "haumea": [
          "haumea"
        ],
        "home-manager": [
          "home-manager"
        ],
        "nixos-generators": "nixos-generators",
        "nixpkgs": [
          "nixpkgs"
        ],
        "paisano": [
          "paisano"
        ]
      },
      "locked": {
        "lastModified": 1687808704,
        "narHash": "sha256-yrov+SNCHXUfVZmSKSFio1tzMvskjNvIuINcNo2smF4=",
        "owner": "divnix",
        "repo": "hive",
        "rev": "ab85a68eea36e79de4ad0bc53919a9c7e5e98678",
        "type": "github"
      },
      "original": {
        "owner": "divnix",
        "repo": "hive",
        "type": "github"
      }
    },
    "home-manager": {
      "inputs": {
        "nixpkgs": [
          "nixpkgs"
        ]
      },
      "locked": {
        "lastModified": 1689495092,
        "narHash": "sha256-yZu2j5FpLZEPhJQQutMCPTxa1VMigLPabLYvLTq6ASM=",
        "owner": "nix-community",
        "repo": "home-manager",
        "rev": "2f84579a70b8c74e5ebb37299a0c3ba279f09382",
        "type": "github"
      },
      "original": {
        "owner": "nix-community",
        "repo": "home-manager",
        "type": "github"
      }
    },
    "impermanence": {
      "locked": {
        "lastModified": 1684264534,
        "narHash": "sha256-K0zr+ry3FwIo3rN2U/VWAkCJSgBslBisvfRIPwMbuCQ=",
        "owner": "nix-community",
        "repo": "impermanence",
        "rev": "89253fb1518063556edd5e54509c30ac3089d5e6",
        "type": "github"
      },
      "original": {
        "owner": "nix-community",
        "repo": "impermanence",
        "type": "github"
      }
    },
    "incl": {
      "inputs": {
        "nixlib": [
          "std",
          "haumea",
          "nixpkgs"
        ]
      },
      "locked": {
        "lastModified": 1669263024,
        "narHash": "sha256-E/+23NKtxAqYG/0ydYgxlgarKnxmDbg6rCMWnOBqn9Q=",
        "owner": "divnix",
        "repo": "incl",
        "rev": "ce7bebaee048e4cd7ebdb4cee7885e00c4e2abca",
        "type": "github"
      },
      "original": {
        "owner": "divnix",
        "repo": "incl",
        "type": "github"
      }
    },
    "lanzaboote": {
      "inputs": {
        "flake-compat": "flake-compat",
        "flake-parts": "flake-parts",
        "flake-utils": "flake-utils_2",
        "nixpkgs": [
          "nixpkgs"
        ],
        "pre-commit-hooks-nix": "pre-commit-hooks-nix"
      },
      "locked": {
        "lastModified": 1687124707,
        "narHash": "sha256-BEC2y7zwDI/Saeupr9rijLvwb0OoqTD9vntlcyciyrM=",
        "owner": "nix-community",
        "repo": "lanzaboote",
        "rev": "c758cdad465e0c8174db57dc493f51a89f0e3372",
        "type": "github"
      },
      "original": {
        "owner": "nix-community",
        "repo": "lanzaboote",
        "type": "github"
      }
    },
    "nix-darwin": {
      "inputs": {
        "nixpkgs": [
          "nixpkgs"
        ]
      },
      "locked": {
        "lastModified": 1689516967,
        "narHash": "sha256-sFAa33wkQHanmij/uhfGduIDK8z4dJAita/rK6u9pvE=",
        "owner": "LnL7",
        "repo": "nix-darwin",
        "rev": "61662a63bfe1726588c1da6b412df86d8ca94d63",
        "type": "github"
      },
      "original": {
        "owner": "LnL7",
        "repo": "nix-darwin",
        "type": "github"
      }
    },
    "nixago": {
      "inputs": {
        "flake-utils": "flake-utils_3",
        "nixago-exts": "nixago-exts",
        "nixpkgs": "nixpkgs_3"
      },
      "locked": {
        "lastModified": 1687381756,
        "narHash": "sha256-IUMIlYfrvj7Yli4H2vvyig8HEPpfCeMaE6+kBGPzFyk=",
        "owner": "nix-community",
        "repo": "nixago",
        "rev": "dacceb10cace103b3e66552ec9719fa0d33c0dc9",
        "type": "github"
      },
      "original": {
        "owner": "nix-community",
        "repo": "nixago",
        "type": "github"
      }
    },
    "nixago-exts": {
      "inputs": {
        "flake-utils": "flake-utils_4",
        "nixago": "nixago_2",
        "nixpkgs": [
          "nixago",
          "nixpkgs"
        ]
      },
      "locked": {
        "lastModified": 1676070308,
        "narHash": "sha256-QaJ65oc2l8iwQIGWUJ0EKjCeSuuCM/LqR8RauxZUUkc=",
        "owner": "nix-community",
        "repo": "nixago-extensions",
        "rev": "e5380cb0456f4ea3c86cf94e3039eb856bf07d0b",
        "type": "github"
      },
      "original": {
        "owner": "nix-community",
        "repo": "nixago-extensions",
        "type": "github"
      }
    },
    "nixago-exts_2": {
      "inputs": {
        "flake-utils": "flake-utils_6",
        "nixago": "nixago_3",
        "nixpkgs": [
          "nixago",
          "nixago-exts",
          "nixago",
          "nixpkgs"
        ]
      },
      "locked": {
        "lastModified": 1655508669,
        "narHash": "sha256-BDDdo5dZQMmwNH/GNacy33nPBnCpSIydWFPZs0kkj/g=",
        "owner": "nix-community",
        "repo": "nixago-extensions",
        "rev": "3022a932ce109258482ecc6568c163e8d0b426aa",
        "type": "github"
      },
      "original": {
        "owner": "nix-community",
        "repo": "nixago-extensions",
        "type": "github"
      }
    },
    "nixago_2": {
      "inputs": {
        "flake-utils": "flake-utils_5",
        "nixago-exts": "nixago-exts_2",
        "nixpkgs": [
          "nixago",
          "nixago-exts",
          "nixpkgs"
        ]
      },
      "locked": {
        "lastModified": 1676070010,
        "narHash": "sha256-iYzJIWptE1EUD8VINAg66AAMUajizg8JUYN3oBmb8no=",
        "owner": "nix-community",
        "repo": "nixago",
        "rev": "d480ba6c0c16e2c5c0bd2122852d6a0c9ad1ed0e",
        "type": "github"
      },
      "original": {
        "owner": "nix-community",
        "ref": "rename-config-data",
        "repo": "nixago",
        "type": "github"
      }
    },
    "nixago_3": {
      "inputs": {
        "flake-utils": "flake-utils_7",
        "nixpkgs": [
          "nixago",
          "nixago-exts",
          "nixago",
          "nixago-exts",
          "nixpkgs"
        ]
      },
      "locked": {
        "lastModified": 1655405483,
        "narHash": "sha256-Crd49aZWNrpczlRTOwWGfwBMsTUoG9vlHDKQC7cx264=",
        "owner": "nix-community",
        "repo": "nixago",
        "rev": "e6a9566c18063db5b120e69e048d3627414e327d",
        "type": "github"
      },
      "original": {
        "owner": "nix-community",
        "repo": "nixago",
        "type": "github"
      }
    },
    "nixlib": {
      "locked": {
        "lastModified": 1689469483,
        "narHash": "sha256-2SBhY7rZQ/iNCxe04Eqxlz9YK9KgbaTMBssq3/BgdWY=",
        "owner": "nix-community",
        "repo": "nixpkgs.lib",
        "rev": "02fea408f27186f139153e1ae88f8ab2abd9c22c",
        "type": "github"
      },
      "original": {
        "owner": "nix-community",
        "repo": "nixpkgs.lib",
        "type": "github"
      }
    },
    "nixos-generators": {
      "locked": {
        "lastModified": 1625557891,
        "narHash": "sha256-O8/MWsPBGhhyPoPLHZAuoZiiHo9q6FLlEeIDEXuj6T4=",
        "owner": "divnix",
        "repo": "blank",
        "rev": "5a5d2684073d9f563072ed07c871d577a6c614a8",
        "type": "github"
      },
      "original": {
        "owner": "divnix",
        "repo": "blank",
        "type": "github"
      }
    },
    "nixos-generators_2": {
      "inputs": {
        "nixlib": "nixlib",
        "nixpkgs": [
          "nixpkgs"
        ]
      },
      "locked": {
        "lastModified": 1689558522,
        "narHash": "sha256-diNpqSRebzvT3P4fLX+40VWZbf2H2hraJDDdg5NJSj0=",
        "owner": "nix-community",
        "repo": "nixos-generators",
        "rev": "11c98929963a95ad3830960a9216d00e2f792502",
        "type": "github"
      },
      "original": {
        "owner": "nix-community",
        "repo": "nixos-generators",
        "type": "github"
      }
    },
    "nixos-hardware": {
      "locked": {
        "lastModified": 1689320556,
        "narHash": "sha256-vODUkZLWFVCvo1KPK3dC2CbXjxa9antEn5ozwlcTr48=",
        "owner": "NixOS",
        "repo": "nixos-hardware",
        "rev": "d4ea64f2063820120c05f6ba93ee02e6d4671d6b",
        "type": "github"
      },
      "original": {
        "id": "nixos-hardware",
        "type": "indirect"
      }
    },
    "nixpkgs": {
      "locked": {
        "lastModified": 1677383253,
        "narHash": "sha256-UfpzWfSxkfXHnb4boXZNaKsAcUrZT9Hw+tao1oZxd08=",
        "owner": "NixOS",
        "repo": "nixpkgs",
        "rev": "9952d6bc395f5841262b006fbace8dd7e143b634",
        "type": "github"
      },
      "original": {
        "owner": "NixOS",
        "ref": "nixpkgs-unstable",
        "repo": "nixpkgs",
        "type": "github"
      }
    },
    "nixpkgs-stable": {
      "locked": {
        "lastModified": 1678872516,
        "narHash": "sha256-/E1YwtMtFAu2KUQKV/1+KFuReYPANM2Rzehk84VxVoc=",
        "owner": "NixOS",
        "repo": "nixpkgs",
        "rev": "9b8e5abb18324c7fe9f07cb100c3cd4a29cda8b8",
        "type": "github"
      },
      "original": {
        "owner": "NixOS",
        "ref": "nixos-22.11",
        "repo": "nixpkgs",
        "type": "github"
      }
    },
    "nixpkgs-stable_2": {
      "locked": {
        "lastModified": 1685801374,
        "narHash": "sha256-otaSUoFEMM+LjBI1XL/xGB5ao6IwnZOXc47qhIgJe8U=",
        "owner": "NixOS",
        "repo": "nixpkgs",
        "rev": "c37ca420157f4abc31e26f436c1145f8951ff373",
        "type": "github"
      },
      "original": {
        "owner": "NixOS",
        "ref": "nixos-23.05",
        "repo": "nixpkgs",
        "type": "github"
      }
    },
    "nixpkgs_2": {
      "locked": {
        "lastModified": 1681001314,
        "narHash": "sha256-5sDnCLdrKZqxLPK4KA8+f4A3YKO/u6ElpMILvX0g72c=",
        "owner": "nix-community",
        "repo": "nixpkgs.lib",
        "rev": "367c0e1086a4eb4502b24d872cea2c7acdd557f4",
        "type": "github"
      },
      "original": {
        "owner": "nix-community",
        "repo": "nixpkgs.lib",
        "type": "github"
      }
    },
    "nixpkgs_3": {
      "locked": {
        "lastModified": 1654568412,
        "narHash": "sha256-BZkGyX62PyB8fzFHOcjGBJTWGb+PQ28lEbZEUR2x9JM=",
        "owner": "nixos",
        "repo": "nixpkgs",
        "rev": "d23be02c22add83d28588ac164dcbac733305b04",
        "type": "github"
      },
      "original": {
        "owner": "nixos",
        "repo": "nixpkgs",
        "type": "github"
      }
    },
    "nixpkgs_4": {
      "locked": {
        "lastModified": 1689477032,
        "narHash": "sha256-tcVslINoIDszgc5cES0Y1k0Lq1HHPla9PSALU+Y8jkY=",
        "owner": "NixOS",
        "repo": "nixpkgs",
        "rev": "66c990850b878437510cc6096e6babce86de5dcb",
        "type": "github"
      },
      "original": {
        "id": "nixpkgs",
        "type": "indirect"
      }
    },
    "nixpkgs_5": {
      "locked": {
        "lastModified": 1681001314,
        "narHash": "sha256-5sDnCLdrKZqxLPK4KA8+f4A3YKO/u6ElpMILvX0g72c=",
        "owner": "nix-community",
        "repo": "nixpkgs.lib",
        "rev": "367c0e1086a4eb4502b24d872cea2c7acdd557f4",
        "type": "github"
      },
      "original": {
        "owner": "nix-community",
        "repo": "nixpkgs.lib",
        "type": "github"
      }
    },
    "nixvim": {
      "inputs": {
        "beautysh": "beautysh",
        "flake-utils": "flake-utils_8",
        "nixpkgs": [
          "nixpkgs"
        ],
        "pre-commit-hooks": "pre-commit-hooks"
      },
      "locked": {
        "lastModified": 1689504549,
        "narHash": "sha256-a5gUsRgLzTAQq6siyIn8kY2/7jeEdg9SB1Yl5RpYyCg=",
        "owner": "pta2002",
        "repo": "nixvim",
        "rev": "a75fc64d63cec09e6dc93831a0e489252124ccce",
        "type": "github"
      },
      "original": {
        "owner": "pta2002",
        "repo": "nixvim",
        "type": "github"
      }
    },
    "nosys": {
      "locked": {
        "lastModified": 1668010795,
        "narHash": "sha256-JBDVBnos8g0toU7EhIIqQ1If5m/nyBqtHhL3sicdPwI=",
        "owner": "divnix",
        "repo": "nosys",
        "rev": "feade0141487801c71ff55623b421ed535dbdefa",
        "type": "github"
      },
      "original": {
        "owner": "divnix",
        "repo": "nosys",
        "type": "github"
      }
    },
    "paisano": {
      "inputs": {
        "call-flake": "call-flake",
        "nixpkgs": [
          "nixpkgs"
        ],
        "nosys": "nosys",
        "yants": "yants"
      },
      "locked": {
        "lastModified": 1688099125,
        "narHash": "sha256-j6LMz00orEKZrQb14wRRw7kMLm+aj7zBJt05AY4UcRI=",
        "owner": "paisano-nix",
        "repo": "core",
        "rev": "10270dc46532c947de473ee88c8f5a3346a396fb",
        "type": "github"
      },
      "original": {
        "owner": "paisano-nix",
        "repo": "core",
        "type": "github"
      }
    },
    "paisano-tui": {
      "flake": false,
      "locked": {
        "lastModified": 1681847764,
        "narHash": "sha256-mdd7PJW1BZvxy0cIKsPfAO+ohVl/V7heE5ZTAHzTdv8=",
        "owner": "paisano-nix",
        "repo": "tui",
        "rev": "3096bad91cae73ab8ab3367d31f8a143d248a244",
        "type": "github"
      },
      "original": {
        "owner": "paisano-nix",
        "ref": "0.1.1",
        "repo": "tui",
        "type": "github"
      }
    },
    "poetry2nix": {
      "inputs": {
        "flake-utils": [
          "nixvim",
          "beautysh",
          "utils"
        ],
        "nixpkgs": [
          "nixvim",
          "beautysh",
          "nixpkgs"
        ]
      },
      "locked": {
        "lastModified": 1658665240,
        "narHash": "sha256-/wkx7D7enyBPRjIkK0w7QxLQhzEkb3UxNQnjyc3FTUI=",
        "owner": "nix-community",
        "repo": "poetry2nix",
        "rev": "8b8edc85d24661d5a6d0d71d6a7011f3e699780f",
        "type": "github"
      },
      "original": {
        "owner": "nix-community",
        "repo": "poetry2nix",
        "type": "github"
      }
    },
    "pre-commit-hooks": {
      "inputs": {
        "flake-compat": "flake-compat_2",
        "flake-utils": "flake-utils_9",
        "gitignore": "gitignore_2",
        "nixpkgs": [
          "nixvim",
          "nixpkgs"
        ],
        "nixpkgs-stable": "nixpkgs-stable_2"
      },
      "locked": {
        "lastModified": 1689328505,
        "narHash": "sha256-9B3+OeUn1a/CvzE3GW6nWNwS5J7PDHTyHGlpL3wV5oA=",
        "owner": "cachix",
        "repo": "pre-commit-hooks.nix",
        "rev": "5e28316db471d1ac234beb70031b635437421dd6",
        "type": "github"
      },
      "original": {
        "owner": "cachix",
        "repo": "pre-commit-hooks.nix",
        "type": "github"
      }
    },
    "pre-commit-hooks-nix": {
      "inputs": {
        "flake-compat": [
          "lanzaboote",
          "flake-compat"
        ],
        "flake-utils": [
          "lanzaboote",
          "flake-utils"
        ],
        "gitignore": "gitignore",
        "nixpkgs": [
          "lanzaboote",
          "nixpkgs"
        ],
        "nixpkgs-stable": "nixpkgs-stable"
      },
      "locked": {
        "lastModified": 1684842236,
        "narHash": "sha256-rYWsIXHvNhVQ15RQlBUv67W3YnM+Pd+DuXGMvCBq2IE=",
        "owner": "cachix",
        "repo": "pre-commit-hooks.nix",
        "rev": "61e567d6497bc9556f391faebe5e410e6623217f",
        "type": "github"
      },
      "original": {
        "owner": "cachix",
        "repo": "pre-commit-hooks.nix",
        "type": "github"
      }
    },
    "root": {
      "inputs": {
        "base16": "base16",
        "base16-schemes": "base16-schemes",
        "base16-vim": "base16-vim",
        "devshell": "devshell",
        "flake-utils": "flake-utils",
        "haumea": "haumea",
        "hive": "hive",
        "home-manager": "home-manager",
        "impermanence": "impermanence",
        "lanzaboote": "lanzaboote",
        "nix-darwin": "nix-darwin",
        "nixago": "nixago",
        "nixos-generators": "nixos-generators_2",
        "nixos-hardware": "nixos-hardware",
        "nixpkgs": "nixpkgs_4",
        "nixvim": "nixvim",
        "paisano": "paisano",
        "std": "std"
      }
    },
    "std": {
      "inputs": {
        "arion": [
          "std",
          "blank"
        ],
        "blank": "blank",
        "devshell": [
          "devshell"
        ],
        "dmerge": "dmerge",
        "haumea": "haumea_2",
        "incl": "incl",
        "makes": [
          "std",
          "blank"
        ],
        "microvm": [
          "std",
          "blank"
        ],
        "n2c": [
          "std",
          "blank"
        ],
        "nixago": [
          "nixago"
        ],
        "nixpkgs": [
          "nixpkgs"
        ],
        "paisano": [
          "paisano"
        ],
        "paisano-tui": "paisano-tui",
        "terranix": [
          "std",
          "blank"
        ],
        "yants": "yants_2"
      },
      "locked": {
        "lastModified": 1689337213,
        "narHash": "sha256-qa0B38ihDW1MuAshwgvlbkk3CgheWlvYr35oMpDrxJs=",
        "owner": "divnix",
        "repo": "std",
        "rev": "17dc4eb9587517397dad00617b020769fece3cfe",
        "type": "github"
      },
      "original": {
        "owner": "divnix",
        "repo": "std",
        "type": "github"
      }
    },
    "systems": {
      "locked": {
        "lastModified": 1681028828,
        "narHash": "sha256-Vy1rq5AaRuLzOxct8nz4T6wlgyUR7zLU309k9mBC768=",
        "owner": "nix-systems",
        "repo": "default",
        "rev": "da67096a3b9bf56a91d16901293e51ba5b49a27e",
        "type": "github"
      },
      "original": {
        "owner": "nix-systems",
        "repo": "default",
        "type": "github"
      }
    },
    "systems_2": {
      "locked": {
        "lastModified": 1681028828,
        "narHash": "sha256-Vy1rq5AaRuLzOxct8nz4T6wlgyUR7zLU309k9mBC768=",
        "owner": "nix-systems",
        "repo": "default",
        "rev": "da67096a3b9bf56a91d16901293e51ba5b49a27e",
        "type": "github"
      },
      "original": {
        "owner": "nix-systems",
        "repo": "default",
        "type": "github"
      }
    },
    "systems_3": {
      "locked": {
        "lastModified": 1681028828,
        "narHash": "sha256-Vy1rq5AaRuLzOxct8nz4T6wlgyUR7zLU309k9mBC768=",
        "owner": "nix-systems",
        "repo": "default",
        "rev": "da67096a3b9bf56a91d16901293e51ba5b49a27e",
        "type": "github"
      },
      "original": {
        "owner": "nix-systems",
        "repo": "default",
        "type": "github"
      }
    },
    "systems_4": {
      "locked": {
        "lastModified": 1681028828,
        "narHash": "sha256-Vy1rq5AaRuLzOxct8nz4T6wlgyUR7zLU309k9mBC768=",
        "owner": "nix-systems",
        "repo": "default",
        "rev": "da67096a3b9bf56a91d16901293e51ba5b49a27e",
        "type": "github"
      },
      "original": {
        "owner": "nix-systems",
        "repo": "default",
        "type": "github"
      }
    },
    "systems_5": {
      "locked": {
        "lastModified": 1681028828,
        "narHash": "sha256-Vy1rq5AaRuLzOxct8nz4T6wlgyUR7zLU309k9mBC768=",
        "owner": "nix-systems",
        "repo": "default",
        "rev": "da67096a3b9bf56a91d16901293e51ba5b49a27e",
        "type": "github"
      },
      "original": {
        "owner": "nix-systems",
        "repo": "default",
        "type": "github"
      }
    },
    "utils": {
      "locked": {
        "lastModified": 1678901627,
        "narHash": "sha256-U02riOqrKKzwjsxc/400XnElV+UtPUQWpANPlyazjH0=",
        "owner": "numtide",
        "repo": "flake-utils",
        "rev": "93a2b84fc4b70d9e089d029deacc3583435c2ed6",
        "type": "github"
      },
      "original": {
        "owner": "numtide",
        "repo": "flake-utils",
        "type": "github"
      }
    },
    "yants": {
      "inputs": {
        "nixpkgs": [
          "paisano",
          "nixpkgs"
        ]
      },
      "locked": {
        "lastModified": 1677285314,
        "narHash": "sha256-hlAcg2514zKrPu8jn24BUsIjjvXvCLdw1jvKgBTpqko=",
        "owner": "divnix",
        "repo": "yants",
        "rev": "9eab24b273ce021406c852166c216b86e2bb4ec4",
        "type": "github"
      },
      "original": {
        "owner": "divnix",
        "repo": "yants",
        "type": "github"
      }
    },
    "yants_2": {
      "inputs": {
        "nixpkgs": [
          "std",
          "haumea",
          "nixpkgs"
        ]
      },
      "locked": {
        "lastModified": 1686863218,
        "narHash": "sha256-kooxYm3/3ornWtVBNHM3Zh020gACUyFX2G0VQXnB+mk=",
        "owner": "divnix",
        "repo": "yants",
        "rev": "8f0da0dba57149676aa4817ec0c880fbde7a648d",
        "type": "github"
      },
      "original": {
        "owner": "divnix",
        "repo": "yants",
        "type": "github"
      }
    }
  },
  "root": "root",
  "version": 7
}
